{
  "name": "12_employeetracker",
  "version": "1.0.0",
  "lockfileVersion": 1,
  "requires": true,
  "dependencies": {
    "nodes": {
      "version": "0.1.0",
      "resolved": "https://registry.npmjs.org/nodes/-/nodes-0.1.0.tgz",
      "integrity": "sha1-ckpiyj9q5BR4UQt/fRejPUagjAY=",
      "requires": {
        "slick": "~1.12.2"
      }
    },
    "slick": {
      "version": "1.12.2",
      "resolved": "https://registry.npmjs.org/slick/-/slick-1.12.2.tgz",
      "integrity": "sha1-vQSN23TefRymkV+qSldXCzVQwtc="
    }
  }
}
